
Microsoft Visual Studio Solution File, Format Version 12.00
# Visual Studio 15
VisualStudioVersion = 15.0.28307.1401
MinimumVisualStudioVersion = 10.0.40219.1
Project("{FAE04EC0-301F-11D3-BF4B-00C04F79EFBC}") = "CADObjectCreatorUI", "CADObjectCreatorUI\CADObjectCreatorUI.csproj", "{53E5C1D7-32C6-4D88-B3C7-D4D7CA8DE5DB}"
EndProject
Project("{FAE04EC0-301F-11D3-BF4B-00C04F79EFBC}") = "CADObjectCreator", "CADObjectCreator\CADObjectCreator.csproj", "{CFD3CAE5-DC57-4108-9922-B8F91B6A3D64}"
EndProject
Project("{FAE04EC0-301F-11D3-BF4B-00C04F79EFBC}") = "UnitTests", "UnitTests\UnitTests.csproj", "{B3CDC5F2-E385-4D29-8DE7-0BD6E27453AD}"
EndProject
Global
	GlobalSection(SolutionConfigurationPlatforms) = preSolution
		Debug|Any CPU = Debug|Any CPU
		Release|Any CPU = Release|Any CPU
	EndGlobalSection
	GlobalSection(ProjectConfigurationPlatforms) = postSolution
		{53E5C1D7-32C6-4D88-B3C7-D4D7CA8DE5DB}.Debug|Any CPU.ActiveCfg = Debug|Any CPU
		{53E5C1D7-32C6-4D88-B3C7-D4D7CA8DE5DB}.Debug|Any CPU.Build.0 = Debug|Any CPU
		{53E5C1D7-32C6-4D88-B3C7-D4D7CA8DE5DB}.Release|Any CPU.ActiveCfg = Release|Any CPU
		{53E5C1D7-32C6-4D88-B3C7-D4D7CA8DE5DB}.Release|Any CPU.Build.0 = Release|Any CPU
		{CFD3CAE5-DC57-4108-9922-B8F91B6A3D64}.Debug|Any CPU.ActiveCfg = Debug|Any CPU
		{CFD3CAE5-DC57-4108-9922-B8F91B6A3D64}.Debug|Any CPU.Build.0 = Debug|Any CPU
		{CFD3CAE5-DC57-4108-9922-B8F91B6A3D64}.Release|Any CPU.ActiveCfg = Release|Any CPU
		{CFD3CAE5-DC57-4108-9922-B8F91B6A3D64}.Release|Any CPU.Build.0 = Release|Any CPU
		{B3CDC5F2-E385-4D29-8DE7-0BD6E27453AD}.Debug|Any CPU.ActiveCfg = Debug|Any CPU
		{B3CDC5F2-E385-4D29-8DE7-0BD6E27453AD}.Debug|Any CPU.Build.0 = Debug|Any CPU
		{B3CDC5F2-E385-4D29-8DE7-0BD6E27453AD}.Release|Any CPU.ActiveCfg = Release|Any CPU
		{B3CDC5F2-E385-4D29-8DE7-0BD6E27453AD}.Release|Any CPU.Build.0 = Release|Any CPU
	EndGlobalSection
	GlobalSection(SolutionProperties) = preSolution
		HideSolutionNode = FALSE
	EndGlobalSection
	GlobalSection(ExtensibilityGlobals) = postSolution
		SolutionGuid = {77471E8B-D6B1-4730-A2AA-3262065DEAD3}
	EndGlobalSection
EndGlobal
